
Microsoft Visual Studio Solution File, Format Version 12.00
# Visual Studio 2013
VisualStudioVersion = 12.0.30723.0
MinimumVisualStudioVersion = 10.0.40219.1
Project("{FAE04EC0-301F-11D3-BF4B-00C04F79EFBC}") = "Roz.I18N", "Roz.I18N\Roz.I18N.csproj", "{D31683BD-B01F-447F-B249-6CA85C11F8A8}"
EndProject
Project("{FAE04EC0-301F-11D3-BF4B-00C04F79EFBC}") = "Roz.Infrastructure", "Roz.Infrastructure\Roz.Infrastructure.csproj", "{7E3658AB-49AD-4884-8D1A-0848EE41D1CD}"
EndProject
Project("{FAE04EC0-301F-11D3-BF4B-00C04F79EFBC}") = "Roz.Mapping", "Roz.Mapping\Roz.Mapping.csproj", "{412CD224-80FE-4B16-BE25-ADBE2D34468B}"
EndProject
Project("{FAE04EC0-301F-11D3-BF4B-00C04F79EFBC}") = "Roz.Utilities", "Roz.Utilities\Roz.Utilities.csproj", "{A5B6128B-8B00-4684-8CE7-9174EED0305F}"
EndProject
Project("{2150E333-8FDC-42A3-9474-1A3956D46DE8}") = "Resources", "Resources", "{ECAE2464-6077-458B-ACA5-3662C24F62BA}"
EndProject
Project("{FAE04EC0-301F-11D3-BF4B-00C04F79EFBC}") = "Resources", "Roz.Resources\Resources.csproj", "{49185506-A6AA-4887-B012-2C21A839F00C}"
EndProject
Project("{FAE04EC0-301F-11D3-BF4B-00C04F79EFBC}") = "Roz.Infrastructure.Web", "Roz.Infrastructure.Web\Roz.Infrastructure.Web.csproj", "{0261A8EC-FB90-41F1-A262-BC1ABDB6D437}"
EndProject
Project("{2150E333-8FDC-42A3-9474-1A3956D46DE8}") = "Data", "Data", "{8BDCACB1-212A-4D87-AD81-0D008BE539CA}"
EndProject
Project("{2150E333-8FDC-42A3-9474-1A3956D46DE8}") = "I18N", "I18N", "{B42065DF-B912-4CD0-90C5-BC17072CCEA8}"
EndProject
Project("{2150E333-8FDC-42A3-9474-1A3956D46DE8}") = "Infrastructure", "Infrastructure", "{B1636087-61F6-42ED-93A4-7AB7F9E6D513}"
EndProject
Project("{2150E333-8FDC-42A3-9474-1A3956D46DE8}") = "Web", "Web", "{897F7B37-025F-4F1C-B41E-98D851E43B96}"
EndProject
Project("{FAE04EC0-301F-11D3-BF4B-00C04F79EFBC}") = "Roz.Data", "Roz.Data\Roz.Data.csproj", "{0E0209B5-C323-4511-A233-C0AF3CDBDB7F}"
EndProject
Project("{2150E333-8FDC-42A3-9474-1A3956D46DE8}") = "Tests", "Tests", "{3E1E104A-6F2B-4D17-8194-9BBC7BA9D438}"
EndProject
Project("{2150E333-8FDC-42A3-9474-1A3956D46DE8}") = "Concept", "Concept", "{8C14CADA-EA31-49DC-8CDE-CAC2F9C3FA55}"
EndProject
Project("{FAE04EC0-301F-11D3-BF4B-00C04F79EFBC}") = "Roz.Tests.Common", "Roz.Tests.Common\Roz.Tests.Common.csproj", "{15B5B11A-5D20-4AF3-869C-C790228319B6}"
EndProject
Project("{FAE04EC0-301F-11D3-BF4B-00C04F79EFBC}") = "Roz.Data.EntityFramework", "Roz.Data.EntityFramework\Roz.Data.EntityFramework.csproj", "{49699347-1B35-4839-A28D-980CD780EC93}"
EndProject
Project("{FAE04EC0-301F-11D3-BF4B-00C04F79EFBC}") = "Roz.Data.EntityFramework.Ninject", "Roz.Data.EntityFramework.Ninject\Roz.Data.EntityFramework.Ninject.csproj", "{06A054EC-20A3-41F5-B1C1-D32E23AE38DA}"
EndProject
Project("{FAE04EC0-301F-11D3-BF4B-00C04F79EFBC}") = "Roz.WebApp", "Roz.WebApp\Roz.WebApp.csproj", "{81D87002-E8FA-40DB-AAE6-902C71A1CFD5}"
EndProject
Project("{FAE04EC0-301F-11D3-BF4B-00C04F79EFBC}") = "Roz.I18N.EntityFramework", "Roz.I18N.EntityFramework\Roz.I18N.EntityFramework.csproj", "{B309509E-C850-4A39-A814-A89375F73833}"
EndProject
Project("{FAE04EC0-301F-11D3-BF4B-00C04F79EFBC}") = "Roz.I18N.EntityFramework.Ninject", "Roz.I18N.EntityFramework.Ninject\Roz.I18N.EntityFramework.Ninject.csproj", "{6F9DFB50-EDF3-4B47-9ED3-ED028B1A4B72}"
EndProject
Project("{FAE04EC0-301F-11D3-BF4B-00C04F79EFBC}") = "Roz.Mapping.Automapper", "Roz.Mapping.Automapper\Roz.Mapping.Automapper.csproj", "{8A82E3BD-10DE-4217-A659-426B041042C4}"
EndProject
Project("{FAE04EC0-301F-11D3-BF4B-00C04F79EFBC}") = "Roz.Mapping.Automapper.Ninject", "Roz.Mapping.Automapper.Ninject\Roz.Mapping.Automapper.Ninject.csproj", "{86791DB2-653A-4E33-A7A7-7F69EFAFB63A}"
EndProject
Project("{2150E333-8FDC-42A3-9474-1A3956D46DE8}") = "DB", "DB", "{0897F94B-97F7-49D4-AF93-AE2E814AE028}"
EndProject
Project("{00D1A9C2-B5F0-4AF3-8072-F6C62B433612}") = "Roz.Database", "Roz.Database\Roz.Database.sqlproj", "{E563C598-B321-40CF-9DEE-76F0A8BAA22E}"
EndProject
Project("{2150E333-8FDC-42A3-9474-1A3956D46DE8}") = "Identity", "Identity", "{CE5B6106-1FB8-473A-9801-9616C6434750}"
EndProject
Project("{FAE04EC0-301F-11D3-BF4B-00C04F79EFBC}") = "Roz.Identity.EntityFramework", "Roz.Identity.EntityFramework\Roz.Identity.EntityFramework.csproj", "{56851237-D076-4797-8C0A-4EA9270CBD82}"
EndProject
Project("{2150E333-8FDC-42A3-9474-1A3956D46DE8}") = "Domain", "Domain", "{FA1D6E73-4BB5-4FF5-9637-7D892C451648}"
EndProject
Project("{FAE04EC0-301F-11D3-BF4B-00C04F79EFBC}") = "Roz.Data.Model", "Roz.Data.Model\Roz.Data.Model.csproj", "{8ADC49C7-9435-4515-BE45-A3A9BADD1438}"
EndProject
Global
	GlobalSection(SolutionConfigurationPlatforms) = preSolution
		Debug|Any CPU = Debug|Any CPU
		Release|Any CPU = Release|Any CPU
	EndGlobalSection
	GlobalSection(ProjectConfigurationPlatforms) = postSolution
		{D31683BD-B01F-447F-B249-6CA85C11F8A8}.Debug|Any CPU.ActiveCfg = Debug|Any CPU
		{D31683BD-B01F-447F-B249-6CA85C11F8A8}.Debug|Any CPU.Build.0 = Debug|Any CPU
		{D31683BD-B01F-447F-B249-6CA85C11F8A8}.Release|Any CPU.ActiveCfg = Release|Any CPU
		{D31683BD-B01F-447F-B249-6CA85C11F8A8}.Release|Any CPU.Build.0 = Release|Any CPU
		{7E3658AB-49AD-4884-8D1A-0848EE41D1CD}.Debug|Any CPU.ActiveCfg = Debug|Any CPU
		{7E3658AB-49AD-4884-8D1A-0848EE41D1CD}.Debug|Any CPU.Build.0 = Debug|Any CPU
		{7E3658AB-49AD-4884-8D1A-0848EE41D1CD}.Release|Any CPU.ActiveCfg = Release|Any CPU
		{7E3658AB-49AD-4884-8D1A-0848EE41D1CD}.Release|Any CPU.Build.0 = Release|Any CPU
		{412CD224-80FE-4B16-BE25-ADBE2D34468B}.Debug|Any CPU.ActiveCfg = Debug|Any CPU
		{412CD224-80FE-4B16-BE25-ADBE2D34468B}.Debug|Any CPU.Build.0 = Debug|Any CPU
		{412CD224-80FE-4B16-BE25-ADBE2D34468B}.Release|Any CPU.ActiveCfg = Release|Any CPU
		{412CD224-80FE-4B16-BE25-ADBE2D34468B}.Release|Any CPU.Build.0 = Release|Any CPU
		{A5B6128B-8B00-4684-8CE7-9174EED0305F}.Debug|Any CPU.ActiveCfg = Debug|Any CPU
		{A5B6128B-8B00-4684-8CE7-9174EED0305F}.Debug|Any CPU.Build.0 = Debug|Any CPU
		{A5B6128B-8B00-4684-8CE7-9174EED0305F}.Release|Any CPU.ActiveCfg = Release|Any CPU
		{A5B6128B-8B00-4684-8CE7-9174EED0305F}.Release|Any CPU.Build.0 = Release|Any CPU
		{49185506-A6AA-4887-B012-2C21A839F00C}.Debug|Any CPU.ActiveCfg = Debug|Any CPU
		{49185506-A6AA-4887-B012-2C21A839F00C}.Debug|Any CPU.Build.0 = Debug|Any CPU
		{49185506-A6AA-4887-B012-2C21A839F00C}.Release|Any CPU.ActiveCfg = Release|Any CPU
		{49185506-A6AA-4887-B012-2C21A839F00C}.Release|Any CPU.Build.0 = Release|Any CPU
		{0261A8EC-FB90-41F1-A262-BC1ABDB6D437}.Debug|Any CPU.ActiveCfg = Debug|Any CPU
		{0261A8EC-FB90-41F1-A262-BC1ABDB6D437}.Debug|Any CPU.Build.0 = Debug|Any CPU
		{0261A8EC-FB90-41F1-A262-BC1ABDB6D437}.Release|Any CPU.ActiveCfg = Release|Any CPU
		{0261A8EC-FB90-41F1-A262-BC1ABDB6D437}.Release|Any CPU.Build.0 = Release|Any CPU
		{0E0209B5-C323-4511-A233-C0AF3CDBDB7F}.Debug|Any CPU.ActiveCfg = Debug|Any CPU
		{0E0209B5-C323-4511-A233-C0AF3CDBDB7F}.Debug|Any CPU.Build.0 = Debug|Any CPU
		{0E0209B5-C323-4511-A233-C0AF3CDBDB7F}.Release|Any CPU.ActiveCfg = Release|Any CPU
		{0E0209B5-C323-4511-A233-C0AF3CDBDB7F}.Release|Any CPU.Build.0 = Release|Any CPU
		{15B5B11A-5D20-4AF3-869C-C790228319B6}.Debug|Any CPU.ActiveCfg = Debug|Any CPU
		{15B5B11A-5D20-4AF3-869C-C790228319B6}.Debug|Any CPU.Build.0 = Debug|Any CPU
		{15B5B11A-5D20-4AF3-869C-C790228319B6}.Release|Any CPU.ActiveCfg = Release|Any CPU
		{15B5B11A-5D20-4AF3-869C-C790228319B6}.Release|Any CPU.Build.0 = Release|Any CPU
		{49699347-1B35-4839-A28D-980CD780EC93}.Debug|Any CPU.ActiveCfg = Debug|Any CPU
		{49699347-1B35-4839-A28D-980CD780EC93}.Debug|Any CPU.Build.0 = Debug|Any CPU
		{49699347-1B35-4839-A28D-980CD780EC93}.Release|Any CPU.ActiveCfg = Release|Any CPU
		{49699347-1B35-4839-A28D-980CD780EC93}.Release|Any CPU.Build.0 = Release|Any CPU
		{06A054EC-20A3-41F5-B1C1-D32E23AE38DA}.Debug|Any CPU.ActiveCfg = Debug|Any CPU
		{06A054EC-20A3-41F5-B1C1-D32E23AE38DA}.Debug|Any CPU.Build.0 = Debug|Any CPU
		{06A054EC-20A3-41F5-B1C1-D32E23AE38DA}.Release|Any CPU.ActiveCfg = Release|Any CPU
		{06A054EC-20A3-41F5-B1C1-D32E23AE38DA}.Release|Any CPU.Build.0 = Release|Any CPU
		{81D87002-E8FA-40DB-AAE6-902C71A1CFD5}.Debug|Any CPU.ActiveCfg = Debug|Any CPU
		{81D87002-E8FA-40DB-AAE6-902C71A1CFD5}.Debug|Any CPU.Build.0 = Debug|Any CPU
		{81D87002-E8FA-40DB-AAE6-902C71A1CFD5}.Release|Any CPU.ActiveCfg = Release|Any CPU
		{81D87002-E8FA-40DB-AAE6-902C71A1CFD5}.Release|Any CPU.Build.0 = Release|Any CPU
		{B309509E-C850-4A39-A814-A89375F73833}.Debug|Any CPU.ActiveCfg = Debug|Any CPU
		{B309509E-C850-4A39-A814-A89375F73833}.Debug|Any CPU.Build.0 = Debug|Any CPU
		{B309509E-C850-4A39-A814-A89375F73833}.Release|Any CPU.ActiveCfg = Release|Any CPU
		{B309509E-C850-4A39-A814-A89375F73833}.Release|Any CPU.Build.0 = Release|Any CPU
		{6F9DFB50-EDF3-4B47-9ED3-ED028B1A4B72}.Debug|Any CPU.ActiveCfg = Debug|Any CPU
		{6F9DFB50-EDF3-4B47-9ED3-ED028B1A4B72}.Debug|Any CPU.Build.0 = Debug|Any CPU
		{6F9DFB50-EDF3-4B47-9ED3-ED028B1A4B72}.Release|Any CPU.ActiveCfg = Release|Any CPU
		{6F9DFB50-EDF3-4B47-9ED3-ED028B1A4B72}.Release|Any CPU.Build.0 = Release|Any CPU
		{8A82E3BD-10DE-4217-A659-426B041042C4}.Debug|Any CPU.ActiveCfg = Debug|Any CPU
		{8A82E3BD-10DE-4217-A659-426B041042C4}.Debug|Any CPU.Build.0 = Debug|Any CPU
		{8A82E3BD-10DE-4217-A659-426B041042C4}.Release|Any CPU.ActiveCfg = Release|Any CPU
		{8A82E3BD-10DE-4217-A659-426B041042C4}.Release|Any CPU.Build.0 = Release|Any CPU
		{86791DB2-653A-4E33-A7A7-7F69EFAFB63A}.Debug|Any CPU.ActiveCfg = Debug|Any CPU
		{86791DB2-653A-4E33-A7A7-7F69EFAFB63A}.Debug|Any CPU.Build.0 = Debug|Any CPU
		{86791DB2-653A-4E33-A7A7-7F69EFAFB63A}.Release|Any CPU.ActiveCfg = Release|Any CPU
		{86791DB2-653A-4E33-A7A7-7F69EFAFB63A}.Release|Any CPU.Build.0 = Release|Any CPU
		{E563C598-B321-40CF-9DEE-76F0A8BAA22E}.Debug|Any CPU.ActiveCfg = Debug|Any CPU
		{E563C598-B321-40CF-9DEE-76F0A8BAA22E}.Debug|Any CPU.Build.0 = Debug|Any CPU
		{E563C598-B321-40CF-9DEE-76F0A8BAA22E}.Debug|Any CPU.Deploy.0 = Debug|Any CPU
		{E563C598-B321-40CF-9DEE-76F0A8BAA22E}.Release|Any CPU.ActiveCfg = Release|Any CPU
		{E563C598-B321-40CF-9DEE-76F0A8BAA22E}.Release|Any CPU.Build.0 = Release|Any CPU
		{E563C598-B321-40CF-9DEE-76F0A8BAA22E}.Release|Any CPU.Deploy.0 = Release|Any CPU
		{56851237-D076-4797-8C0A-4EA9270CBD82}.Debug|Any CPU.ActiveCfg = Debug|Any CPU
		{56851237-D076-4797-8C0A-4EA9270CBD82}.Debug|Any CPU.Build.0 = Debug|Any CPU
		{56851237-D076-4797-8C0A-4EA9270CBD82}.Release|Any CPU.ActiveCfg = Release|Any CPU
		{56851237-D076-4797-8C0A-4EA9270CBD82}.Release|Any CPU.Build.0 = Release|Any CPU
		{8ADC49C7-9435-4515-BE45-A3A9BADD1438}.Debug|Any CPU.ActiveCfg = Debug|Any CPU
		{8ADC49C7-9435-4515-BE45-A3A9BADD1438}.Debug|Any CPU.Build.0 = Debug|Any CPU
		{8ADC49C7-9435-4515-BE45-A3A9BADD1438}.Release|Any CPU.ActiveCfg = Release|Any CPU
		{8ADC49C7-9435-4515-BE45-A3A9BADD1438}.Release|Any CPU.Build.0 = Release|Any CPU
	EndGlobalSection
	GlobalSection(SolutionProperties) = preSolution
		HideSolutionNode = FALSE
	EndGlobalSection
	GlobalSection(NestedProjects) = preSolution
		{D31683BD-B01F-447F-B249-6CA85C11F8A8} = {B42065DF-B912-4CD0-90C5-BC17072CCEA8}
		{7E3658AB-49AD-4884-8D1A-0848EE41D1CD} = {B1636087-61F6-42ED-93A4-7AB7F9E6D513}
		{412CD224-80FE-4B16-BE25-ADBE2D34468B} = {B1636087-61F6-42ED-93A4-7AB7F9E6D513}
		{A5B6128B-8B00-4684-8CE7-9174EED0305F} = {B1636087-61F6-42ED-93A4-7AB7F9E6D513}
		{49185506-A6AA-4887-B012-2C21A839F00C} = {ECAE2464-6077-458B-ACA5-3662C24F62BA}
		{0261A8EC-FB90-41F1-A262-BC1ABDB6D437} = {B1636087-61F6-42ED-93A4-7AB7F9E6D513}
		{0E0209B5-C323-4511-A233-C0AF3CDBDB7F} = {8BDCACB1-212A-4D87-AD81-0D008BE539CA}
		{8C14CADA-EA31-49DC-8CDE-CAC2F9C3FA55} = {3E1E104A-6F2B-4D17-8194-9BBC7BA9D438}
		{15B5B11A-5D20-4AF3-869C-C790228319B6} = {3E1E104A-6F2B-4D17-8194-9BBC7BA9D438}
		{49699347-1B35-4839-A28D-980CD780EC93} = {8BDCACB1-212A-4D87-AD81-0D008BE539CA}
		{06A054EC-20A3-41F5-B1C1-D32E23AE38DA} = {8BDCACB1-212A-4D87-AD81-0D008BE539CA}
		{81D87002-E8FA-40DB-AAE6-902C71A1CFD5} = {897F7B37-025F-4F1C-B41E-98D851E43B96}
		{B309509E-C850-4A39-A814-A89375F73833} = {B42065DF-B912-4CD0-90C5-BC17072CCEA8}
		{6F9DFB50-EDF3-4B47-9ED3-ED028B1A4B72} = {B42065DF-B912-4CD0-90C5-BC17072CCEA8}
		{8A82E3BD-10DE-4217-A659-426B041042C4} = {B1636087-61F6-42ED-93A4-7AB7F9E6D513}
		{86791DB2-653A-4E33-A7A7-7F69EFAFB63A} = {B1636087-61F6-42ED-93A4-7AB7F9E6D513}
		{E563C598-B321-40CF-9DEE-76F0A8BAA22E} = {0897F94B-97F7-49D4-AF93-AE2E814AE028}
		{56851237-D076-4797-8C0A-4EA9270CBD82} = {CE5B6106-1FB8-473A-9801-9616C6434750}
		{8ADC49C7-9435-4515-BE45-A3A9BADD1438} = {FA1D6E73-4BB5-4FF5-9637-7D892C451648}
	EndGlobalSection
EndGlobal
